
Microsoft Visual Studio Solution File, Format Version 12.00
# Visual Studio Version 17
VisualStudioVersion = 17.0.31912.275
MinimumVisualStudioVersion = 10.0.40219.1
Project("{F2A71F9B-5D33-465A-A702-920D77279786}") = "were", "were\were.fsproj", "{227DA8F7-18C9-4EB1-BDCA-F7BF52575363}"
EndProject
Global
	GlobalSection(SolutionConfigurationPlatforms) = preSolution
		Debug|Any CPU = Debug|Any CPU
		Release|Any CPU = Release|Any CPU
	EndGlobalSection
	GlobalSection(ProjectConfigurationPlatforms) = postSolution
		{227DA8F7-18C9-4EB1-BDCA-F7BF52575363}.Debug|Any CPU.ActiveCfg = Debug|Any CPU
		{227DA8F7-18C9-4EB1-BDCA-F7BF52575363}.Debug|Any CPU.Build.0 = Debug|Any CPU
		{227DA8F7-18C9-4EB1-BDCA-F7BF52575363}.Release|Any CPU.ActiveCfg = Release|Any CPU
		{227DA8F7-18C9-4EB1-BDCA-F7BF52575363}.Release|Any CPU.Build.0 = Release|Any CPU
	EndGlobalSection
	GlobalSection(SolutionProperties) = preSolution
		HideSolutionNode = FALSE
	EndGlobalSection
	GlobalSection(ExtensibilityGlobals) = postSolution
		SolutionGuid = {59972CB3-76A5-4264-8D39-79772830563F}
	EndGlobalSection
EndGlobal
